
Microsoft Visual Studio Solution File, Format Version 12.00
# Visual Studio Version 16
VisualStudioVersion = 16.0.30907.101
MinimumVisualStudioVersion = 10.0.40219.1
Project("{FAE04EC0-301F-11D3-BF4B-00C04F79EFBC}") = "TestDataPojar", "TestDataPojar\TestDataPojar.csproj", "{6AD0281C-C393-476F-8684-3C17659813F5}"
EndProject
Global
	GlobalSection(SolutionConfigurationPlatforms) = preSolution
		Debug|Any CPU = Debug|Any CPU
		Release|Any CPU = Release|Any CPU
	EndGlobalSection
	GlobalSection(ProjectConfigurationPlatforms) = postSolution
		{6AD0281C-C393-476F-8684-3C17659813F5}.Debug|Any CPU.ActiveCfg = Debug|Any CPU
		{6AD0281C-C393-476F-8684-3C17659813F5}.Debug|Any CPU.Build.0 = Debug|Any CPU
		{6AD0281C-C393-476F-8684-3C17659813F5}.Release|Any CPU.ActiveCfg = Release|Any CPU
		{6AD0281C-C393-476F-8684-3C17659813F5}.Release|Any CPU.Build.0 = Release|Any CPU
	EndGlobalSection
	GlobalSection(SolutionProperties) = preSolution
		HideSolutionNode = FALSE
	EndGlobalSection
	GlobalSection(ExtensibilityGlobals) = postSolution
		SolutionGuid = {575EF2C9-424D-4383-93E9-1699C27ED2A3}
	EndGlobalSection
EndGlobal
